
Microsoft Visual Studio Solution File, Format Version 12.00
# Visual Studio Version 17
VisualStudioVersion = 17.4.33213.308
MinimumVisualStudioVersion = 10.0.40219.1
Project("{9A19103F-16F7-4668-BE54-9A1E7A4F7556}") = "BookStore.API", "BookStore.API\BookStore.API.csproj", "{C11A5EB5-71A4-4FEB-B676-D8F1CA9E55FC}"
EndProject
Project("{9A19103F-16F7-4668-BE54-9A1E7A4F7556}") = "BookStore.Core", "BookStore.Core\BookStore.Core.csproj", "{A30D3B1B-1121-4F9F-A4E7-71BE3A612BF0}"
EndProject
Project("{9A19103F-16F7-4668-BE54-9A1E7A4F7556}") = "BookStore.DataAccess", "BookStore.DataAccess\BookStore.DataAccess.csproj", "{BFE5912C-BB87-47B4-B3BE-F59D2F97DB57}"
EndProject
Project("{9A19103F-16F7-4668-BE54-9A1E7A4F7556}") = "BookStore.Application", "BookStore.Application\BookStore.Application.csproj", "{06F97479-B9A0-4593-A959-06D4CD758C2F}"
EndProject
Project("{FAE04EC0-301F-11D3-BF4B-00C04F79EFBC}") = "BookStore.Infrastructure", "BookStore.Infrastructure\BookStore.Infrastructure.csproj", "{F7060AE6-DE30-45FA-8BD6-FCA22A0485ED}"
EndProject
Global
	GlobalSection(SolutionConfigurationPlatforms) = preSolution
		Debug|Any CPU = Debug|Any CPU
		Release|Any CPU = Release|Any CPU
	EndGlobalSection
	GlobalSection(ProjectConfigurationPlatforms) = postSolution
		{C11A5EB5-71A4-4FEB-B676-D8F1CA9E55FC}.Debug|Any CPU.ActiveCfg = Debug|Any CPU
		{C11A5EB5-71A4-4FEB-B676-D8F1CA9E55FC}.Debug|Any CPU.Build.0 = Debug|Any CPU
		{C11A5EB5-71A4-4FEB-B676-D8F1CA9E55FC}.Release|Any CPU.ActiveCfg = Release|Any CPU
		{C11A5EB5-71A4-4FEB-B676-D8F1CA9E55FC}.Release|Any CPU.Build.0 = Release|Any CPU
		{A30D3B1B-1121-4F9F-A4E7-71BE3A612BF0}.Debug|Any CPU.ActiveCfg = Debug|Any CPU
		{A30D3B1B-1121-4F9F-A4E7-71BE3A612BF0}.Debug|Any CPU.Build.0 = Debug|Any CPU
		{A30D3B1B-1121-4F9F-A4E7-71BE3A612BF0}.Release|Any CPU.ActiveCfg = Release|Any CPU
		{A30D3B1B-1121-4F9F-A4E7-71BE3A612BF0}.Release|Any CPU.Build.0 = Release|Any CPU
		{BFE5912C-BB87-47B4-B3BE-F59D2F97DB57}.Debug|Any CPU.ActiveCfg = Debug|Any CPU
		{BFE5912C-BB87-47B4-B3BE-F59D2F97DB57}.Debug|Any CPU.Build.0 = Debug|Any CPU
		{BFE5912C-BB87-47B4-B3BE-F59D2F97DB57}.Release|Any CPU.ActiveCfg = Release|Any CPU
		{BFE5912C-BB87-47B4-B3BE-F59D2F97DB57}.Release|Any CPU.Build.0 = Release|Any CPU
		{06F97479-B9A0-4593-A959-06D4CD758C2F}.Debug|Any CPU.ActiveCfg = Debug|Any CPU
		{06F97479-B9A0-4593-A959-06D4CD758C2F}.Debug|Any CPU.Build.0 = Debug|Any CPU
		{06F97479-B9A0-4593-A959-06D4CD758C2F}.Release|Any CPU.ActiveCfg = Release|Any CPU
		{06F97479-B9A0-4593-A959-06D4CD758C2F}.Release|Any CPU.Build.0 = Release|Any CPU
		{F7060AE6-DE30-45FA-8BD6-FCA22A0485ED}.Debug|Any CPU.ActiveCfg = Debug|Any CPU
		{F7060AE6-DE30-45FA-8BD6-FCA22A0485ED}.Debug|Any CPU.Build.0 = Debug|Any CPU
		{F7060AE6-DE30-45FA-8BD6-FCA22A0485ED}.Release|Any CPU.ActiveCfg = Release|Any CPU
		{F7060AE6-DE30-45FA-8BD6-FCA22A0485ED}.Release|Any CPU.Build.0 = Release|Any CPU
	EndGlobalSection
	GlobalSection(SolutionProperties) = preSolution
		HideSolutionNode = FALSE
	EndGlobalSection
	GlobalSection(ExtensibilityGlobals) = postSolution
		SolutionGuid = {59E801F0-ECA6-412E-A887-437F16DF0F14}
	EndGlobalSection
EndGlobal
